
Microsoft Visual Studio Solution File, Format Version 12.00
# Visual Studio Version 17
VisualStudioVersion = 17.9.34607.119
MinimumVisualStudioVersion = 10.0.40219.1
Project("{FAE04EC0-301F-11D3-BF4B-00C04F79EFBC}") = "Entities", "Entities\Entities.csproj", "{6BA68174-BF58-4644-B929-47CC3144CD9F}"
EndProject
Project("{9A19103F-16F7-4668-BE54-9A1E7A4F7556}") = "Business", "Business\Business.csproj", "{27621CFB-4816-417C-9570-83EC3DCB0718}"
EndProject
Project("{FAE04EC0-301F-11D3-BF4B-00C04F79EFBC}") = "Workaround", "Workaround\Workaround.csproj", "{D11A3378-2CDF-4F7F-B6F5-FA11173DE1D1}"
EndProject
Global
	GlobalSection(SolutionConfigurationPlatforms) = preSolution
		Debug|Any CPU = Debug|Any CPU
		Release|Any CPU = Release|Any CPU
	EndGlobalSection
	GlobalSection(ProjectConfigurationPlatforms) = postSolution
		{6BA68174-BF58-4644-B929-47CC3144CD9F}.Debug|Any CPU.ActiveCfg = Debug|Any CPU
		{6BA68174-BF58-4644-B929-47CC3144CD9F}.Debug|Any CPU.Build.0 = Debug|Any CPU
		{6BA68174-BF58-4644-B929-47CC3144CD9F}.Release|Any CPU.ActiveCfg = Release|Any CPU
		{6BA68174-BF58-4644-B929-47CC3144CD9F}.Release|Any CPU.Build.0 = Release|Any CPU
		{27621CFB-4816-417C-9570-83EC3DCB0718}.Debug|Any CPU.ActiveCfg = Debug|Any CPU
		{27621CFB-4816-417C-9570-83EC3DCB0718}.Debug|Any CPU.Build.0 = Debug|Any CPU
		{27621CFB-4816-417C-9570-83EC3DCB0718}.Release|Any CPU.ActiveCfg = Release|Any CPU
		{27621CFB-4816-417C-9570-83EC3DCB0718}.Release|Any CPU.Build.0 = Release|Any CPU
		{D11A3378-2CDF-4F7F-B6F5-FA11173DE1D1}.Debug|Any CPU.ActiveCfg = Debug|Any CPU
		{D11A3378-2CDF-4F7F-B6F5-FA11173DE1D1}.Debug|Any CPU.Build.0 = Debug|Any CPU
		{D11A3378-2CDF-4F7F-B6F5-FA11173DE1D1}.Release|Any CPU.ActiveCfg = Release|Any CPU
		{D11A3378-2CDF-4F7F-B6F5-FA11173DE1D1}.Release|Any CPU.Build.0 = Release|Any CPU
	EndGlobalSection
	GlobalSection(SolutionProperties) = preSolution
		HideSolutionNode = FALSE
	EndGlobalSection
	GlobalSection(ExtensibilityGlobals) = postSolution
		SolutionGuid = {846FB9B7-27D2-4A78-9615-BD59316B162C}
	EndGlobalSection
EndGlobal
